
Microsoft Visual Studio Solution File, Format Version 12.00
# Visual Studio 2012
Project("{FAE04EC0-301F-11D3-BF4B-00C04F79EFBC}") = "Potato", "Potato\Potato.csproj", "{81BCB0CE-3826-4AD7-9B01-D736AD2C4684}"
EndProject
Global
	GlobalSection(SolutionConfigurationPlatforms) = preSolution
		Debug|Any CPU = Debug|Any CPU
		Release|Any CPU = Release|Any CPU
	EndGlobalSection
	GlobalSection(ProjectConfigurationPlatforms) = postSolution
		{81BCB0CE-3826-4AD7-9B01-D736AD2C4684}.Debug|Any CPU.ActiveCfg = Debug|Any CPU
		{81BCB0CE-3826-4AD7-9B01-D736AD2C4684}.Debug|Any CPU.Build.0 = Debug|Any CPU
		{81BCB0CE-3826-4AD7-9B01-D736AD2C4684}.Release|Any CPU.ActiveCfg = Release|Any CPU
		{81BCB0CE-3826-4AD7-9B01-D736AD2C4684}.Release|Any CPU.Build.0 = Release|Any CPU
	EndGlobalSection
	GlobalSection(SolutionProperties) = preSolution
		HideSolutionNode = FALSE
	EndGlobalSection
EndGlobal
